
Microsoft Visual Studio Solution File, Format Version 12.00
# Visual Studio 15
Project("{FAE04EC0-301F-11D3-BF4B-00C04F79EFBC}") = "UnityEngine.UI", "UnityEngine.UI.csproj", "{7FC9E4FF-B2DA-A0B2-1083-03C14BA584D8}"
EndProject
Project("{FAE04EC0-301F-11D3-BF4B-00C04F79EFBC}") = "UnityEngine.TestRunner", "UnityEngine.TestRunner.csproj", "{83E54D0F-270D-5B03-EBC1-3E5616431E5F}"
EndProject
Project("{FAE04EC0-301F-11D3-BF4B-00C04F79EFBC}") = "Unity.Mathematics", "Unity.Mathematics.csproj", "{82F36970-CE1C-D7DB-12D1-B6A5E7E83D5A}"
EndProject
Project("{FAE04EC0-301F-11D3-BF4B-00C04F79EFBC}") = "Unity.2D.Animation.Triangle.Runtime", "Unity.2D.Animation.Triangle.Runtime.csproj", "{4D0C5E4A-DBDC-B1BD-9DB3-C13CF04B6782}"
EndProject
Project("{FAE04EC0-301F-11D3-BF4B-00C04F79EFBC}") = "Unity.Timeline", "Unity.Timeline.csproj", "{29D67999-9406-8227-5C67-B8D3AD1BB9A6}"
EndProject
Project("{FAE04EC0-301F-11D3-BF4B-00C04F79EFBC}") = "Assembly-CSharp", "Assembly-CSharp.csproj", "{3276CF69-242D-25BC-E14E-9DB59C39E953}"
EndProject
Project("{FAE04EC0-301F-11D3-BF4B-00C04F79EFBC}") = "Unity.TextMeshPro", "Unity.TextMeshPro.csproj", "{5D85825E-31FA-3170-BA17-C59AAF060890}"
EndProject
Project("{FAE04EC0-301F-11D3-BF4B-00C04F79EFBC}") = "Unity.2D.Animation.Runtime", "Unity.2D.Animation.Runtime.csproj", "{98B049D5-8A3B-D574-23F0-DD8985423CF7}"
EndProject
Project("{FAE04EC0-301F-11D3-BF4B-00C04F79EFBC}") = "Unity.2D.IK.Runtime", "Unity.2D.IK.Runtime.csproj", "{123223D3-3DB0-07A5-71D1-5E26E840C1EF}"
EndProject
Project("{FAE04EC0-301F-11D3-BF4B-00C04F79EFBC}") = "Unity.2D.SpriteShape.Runtime", "Unity.2D.SpriteShape.Runtime.csproj", "{ABE6A513-F378-AF27-DEF8-93033BCCFFAE}"
EndProject
Project("{FAE04EC0-301F-11D3-BF4B-00C04F79EFBC}") = "Assembly-CSharp-firstpass", "Assembly-CSharp-firstpass.csproj", "{3CEEB233-DE9C-9CB1-34FF-3EB05F67B119}"
EndProject
Project("{FAE04EC0-301F-11D3-BF4B-00C04F79EFBC}") = "Unity.2D.PixelPerfect", "Unity.2D.PixelPerfect.csproj", "{E2F4DAE6-B1B7-FEF8-72AA-2B5236BDB1D3}"
EndProject
Project("{FAE04EC0-301F-11D3-BF4B-00C04F79EFBC}") = "Unity.2D.Common.Runtime", "Unity.2D.Common.Runtime.csproj", "{75A8A8F5-8C40-C8E4-B43D-367136928924}"
EndProject
Project("{FAE04EC0-301F-11D3-BF4B-00C04F79EFBC}") = "Unity.InternalAPIEngineBridge.001", "Unity.InternalAPIEngineBridge.001.csproj", "{C5696BB1-C832-5770-F499-FBF8F9423198}"
EndProject
Project("{FAE04EC0-301F-11D3-BF4B-00C04F79EFBC}") = "UnityEditor.TestRunner", "UnityEditor.TestRunner.csproj", "{97276503-CC58-8C86-EAC7-132688AFE335}"
EndProject
Project("{FAE04EC0-301F-11D3-BF4B-00C04F79EFBC}") = "UnityEditor.UI", "UnityEditor.UI.csproj", "{35E1B8E8-505C-5F47-4462-B0137CB987C7}"
EndProject
Project("{FAE04EC0-301F-11D3-BF4B-00C04F79EFBC}") = "Unity.Timeline.Editor", "Unity.Timeline.Editor.csproj", "{A8CFC155-8F8C-6A29-2C66-90C7F5AE7DD7}"
EndProject
Project("{FAE04EC0-301F-11D3-BF4B-00C04F79EFBC}") = "Unity.VisualStudio.Editor", "Unity.VisualStudio.Editor.csproj", "{9D303C28-586D-D02C-3CA0-8714E741DF44}"
EndProject
Project("{FAE04EC0-301F-11D3-BF4B-00C04F79EFBC}") = "Unity.2D.Psdimporter.Editor", "Unity.2D.Psdimporter.Editor.csproj", "{75902DB0-0C5F-3427-C3CE-562477B8891F}"
EndProject
Project("{FAE04EC0-301F-11D3-BF4B-00C04F79EFBC}") = "Unity.2D.Animation.Editor", "Unity.2D.Animation.Editor.csproj", "{0ABD6CCA-D50E-5A05-5315-09C491A85BF5}"
EndProject
Project("{FAE04EC0-301F-11D3-BF4B-00C04F79EFBC}") = "Unity.TextMeshPro.Editor", "Unity.TextMeshPro.Editor.csproj", "{E65B12BA-85EA-131B-D5DC-F670B4A70EB8}"
EndProject
Project("{FAE04EC0-301F-11D3-BF4B-00C04F79EFBC}") = "Unity.2D.SpriteShape.Editor", "Unity.2D.SpriteShape.Editor.csproj", "{7E6726B9-0B4A-4517-B283-B03E1B79F621}"
EndProject
Project("{FAE04EC0-301F-11D3-BF4B-00C04F79EFBC}") = "Unity.CollabProxy.Editor", "Unity.CollabProxy.Editor.csproj", "{DC2B8B85-B12A-0E73-BFE2-7496F48DD453}"
EndProject
Project("{FAE04EC0-301F-11D3-BF4B-00C04F79EFBC}") = "PsdPlugin", "PsdPlugin.csproj", "{4C54D190-3120-5988-018A-6281D52E0002}"
EndProject
Project("{FAE04EC0-301F-11D3-BF4B-00C04F79EFBC}") = "Unity.2D.Path.Editor", "Unity.2D.Path.Editor.csproj", "{9E4929AF-182E-7593-9418-5A58543DE801}"
EndProject
Project("{FAE04EC0-301F-11D3-BF4B-00C04F79EFBC}") = "Unity.Rider.Editor", "Unity.Rider.Editor.csproj", "{DD91534E-3964-A130-CB09-D0F8E1B71DD6}"
EndProject
Project("{FAE04EC0-301F-11D3-BF4B-00C04F79EFBC}") = "Unity.2D.IK.Editor", "Unity.2D.IK.Editor.csproj", "{56099376-9BFA-8A6B-6AB7-604EE738EC4A}"
EndProject
Project("{FAE04EC0-301F-11D3-BF4B-00C04F79EFBC}") = "Unity.2D.Sprite.Editor", "Unity.2D.Sprite.Editor.csproj", "{B817351D-89FB-D89B-17B4-45718A703083}"
EndProject
Project("{FAE04EC0-301F-11D3-BF4B-00C04F79EFBC}") = "Unity.2D.Tilemap.Editor", "Unity.2D.Tilemap.Editor.csproj", "{A66CD219-7AA0-7FE3-B233-933C49D65A29}"
EndProject
Project("{FAE04EC0-301F-11D3-BF4B-00C04F79EFBC}") = "Unity.2D.PixelPerfect.Editor", "Unity.2D.PixelPerfect.Editor.csproj", "{A80FCDF5-4D99-9270-ECBB-5BD233642BD0}"
EndProject
Project("{FAE04EC0-301F-11D3-BF4B-00C04F79EFBC}") = "Unity.VSCode.Editor", "Unity.VSCode.Editor.csproj", "{026406C1-8D29-CD3F-4694-4565F4DDB59D}"
EndProject
Project("{FAE04EC0-301F-11D3-BF4B-00C04F79EFBC}") = "Unity.2D.Common.Editor", "Unity.2D.Common.Editor.csproj", "{B4165C30-327B-898F-F045-4755609246BF}"
EndProject
Project("{FAE04EC0-301F-11D3-BF4B-00C04F79EFBC}") = "Unity.Mathematics.Editor", "Unity.Mathematics.Editor.csproj", "{8778A803-02BF-10BB-EBDA-3B18A02DCF7B}"
EndProject
Project("{FAE04EC0-301F-11D3-BF4B-00C04F79EFBC}") = "Assembly-CSharp-Editor-firstpass", "Assembly-CSharp-Editor-firstpass.csproj", "{1C22436C-FEB7-E8E2-397C-7AC41A0E3E5E}"
EndProject
Project("{FAE04EC0-301F-11D3-BF4B-00C04F79EFBC}") = "Unity.InternalAPIEditorBridge.001", "Unity.InternalAPIEditorBridge.001.csproj", "{C2B66313-01BC-493C-A9B1-55388F5A8F07}"
EndProject
Project("{FAE04EC0-301F-11D3-BF4B-00C04F79EFBC}") = "UnityEngine.UI", "UnityEngine.UI.Player.csproj", "{046C82EA-1A13-2B91-EAF5-78ADD1A8C089}"
EndProject
Project("{FAE04EC0-301F-11D3-BF4B-00C04F79EFBC}") = "UnityEngine.TestRunner", "UnityEngine.TestRunner.Player.csproj", "{A2CC1B57-1CA8-B7E4-5F46-FA75F2437F79}"
EndProject
Project("{FAE04EC0-301F-11D3-BF4B-00C04F79EFBC}") = "Unity.Mathematics", "Unity.Mathematics.Player.csproj", "{AC385B3B-9D1F-11D6-7920-54CF6E96E25F}"
EndProject
Project("{FAE04EC0-301F-11D3-BF4B-00C04F79EFBC}") = "Unity.2D.Animation.Triangle.Runtime", "Unity.2D.Animation.Triangle.Runtime.Player.csproj", "{CD3CD6CC-A016-BEDA-4CCE-897AE63B1D52}"
EndProject
Project("{FAE04EC0-301F-11D3-BF4B-00C04F79EFBC}") = "Unity.Timeline", "Unity.Timeline.Player.csproj", "{016D9A22-AB1C-A646-2348-55CE257E3314}"
EndProject
Project("{FAE04EC0-301F-11D3-BF4B-00C04F79EFBC}") = "Assembly-CSharp", "Assembly-CSharp.Player.csproj", "{243B061B-2CB6-A6F5-4DCF-A038DC29137F}"
EndProject
Project("{FAE04EC0-301F-11D3-BF4B-00C04F79EFBC}") = "Unity.TextMeshPro", "Unity.TextMeshPro.Player.csproj", "{F3CDD856-255F-449B-7C43-CE1FF3D6E9C1}"
EndProject
Project("{FAE04EC0-301F-11D3-BF4B-00C04F79EFBC}") = "Unity.2D.Animation.Runtime", "Unity.2D.Animation.Runtime.Player.csproj", "{E8A19E81-78E9-C462-AED4-AC1CF4D8E397}"
EndProject
Project("{FAE04EC0-301F-11D3-BF4B-00C04F79EFBC}") = "Unity.2D.IK.Runtime", "Unity.2D.IK.Runtime.Player.csproj", "{CFE688B7-9172-3770-B937-E3EBA68689B8}"
EndProject
Project("{FAE04EC0-301F-11D3-BF4B-00C04F79EFBC}") = "Unity.2D.SpriteShape.Runtime", "Unity.2D.SpriteShape.Runtime.Player.csproj", "{9CB1A0FD-B6B7-9A42-B92B-139EA9B73437}"
EndProject
Project("{FAE04EC0-301F-11D3-BF4B-00C04F79EFBC}") = "Assembly-CSharp-firstpass", "Assembly-CSharp-firstpass.Player.csproj", "{A097D2B9-C9B2-A129-77B3-8A1CD0687B8A}"
EndProject
Project("{FAE04EC0-301F-11D3-BF4B-00C04F79EFBC}") = "Unity.2D.PixelPerfect", "Unity.2D.PixelPerfect.Player.csproj", "{838EAFFB-D295-0E8B-8E80-3C1BD2C1E65F}"
EndProject
Project("{FAE04EC0-301F-11D3-BF4B-00C04F79EFBC}") = "Unity.2D.Common.Runtime", "Unity.2D.Common.Runtime.Player.csproj", "{C3576DF4-EDAB-15BC-9D5E-41E4F8164B2B}"
EndProject
Project("{FAE04EC0-301F-11D3-BF4B-00C04F79EFBC}") = "Unity.InternalAPIEngineBridge.001", "Unity.InternalAPIEngineBridge.001.Player.csproj", "{B750B11D-3E57-C38E-60CC-F191D0FFCF34}"
EndProject
Global
	GlobalSection(SolutionConfigurationPlatforms) = preSolution
		Debug|Any CPU = Debug|Any CPU
		Release|Any CPU = Release|Any CPU
	EndGlobalSection
	GlobalSection(ProjectConfigurationPlatforms) = postSolution
		{7FC9E4FF-B2DA-A0B2-1083-03C14BA584D8}.Debug|Any CPU.ActiveCfg = Debug|Any CPU
		{7FC9E4FF-B2DA-A0B2-1083-03C14BA584D8}.Debug|Any CPU.Build.0 = Debug|Any CPU
		{7FC9E4FF-B2DA-A0B2-1083-03C14BA584D8}.Release|Any CPU.ActiveCfg = Release|Any CPU
		{7FC9E4FF-B2DA-A0B2-1083-03C14BA584D8}.Release|Any CPU.Build.0 = Release|Any CPU
		{83E54D0F-270D-5B03-EBC1-3E5616431E5F}.Debug|Any CPU.ActiveCfg = Debug|Any CPU
		{83E54D0F-270D-5B03-EBC1-3E5616431E5F}.Debug|Any CPU.Build.0 = Debug|Any CPU
		{83E54D0F-270D-5B03-EBC1-3E5616431E5F}.Release|Any CPU.ActiveCfg = Release|Any CPU
		{83E54D0F-270D-5B03-EBC1-3E5616431E5F}.Release|Any CPU.Build.0 = Release|Any CPU
		{82F36970-CE1C-D7DB-12D1-B6A5E7E83D5A}.Debug|Any CPU.ActiveCfg = Debug|Any CPU
		{82F36970-CE1C-D7DB-12D1-B6A5E7E83D5A}.Debug|Any CPU.Build.0 = Debug|Any CPU
		{82F36970-CE1C-D7DB-12D1-B6A5E7E83D5A}.Release|Any CPU.ActiveCfg = Release|Any CPU
		{82F36970-CE1C-D7DB-12D1-B6A5E7E83D5A}.Release|Any CPU.Build.0 = Release|Any CPU
		{4D0C5E4A-DBDC-B1BD-9DB3-C13CF04B6782}.Debug|Any CPU.ActiveCfg = Debug|Any CPU
		{4D0C5E4A-DBDC-B1BD-9DB3-C13CF04B6782}.Debug|Any CPU.Build.0 = Debug|Any CPU
		{4D0C5E4A-DBDC-B1BD-9DB3-C13CF04B6782}.Release|Any CPU.ActiveCfg = Release|Any CPU
		{4D0C5E4A-DBDC-B1BD-9DB3-C13CF04B6782}.Release|Any CPU.Build.0 = Release|Any CPU
		{29D67999-9406-8227-5C67-B8D3AD1BB9A6}.Debug|Any CPU.ActiveCfg = Debug|Any CPU
		{29D67999-9406-8227-5C67-B8D3AD1BB9A6}.Debug|Any CPU.Build.0 = Debug|Any CPU
		{29D67999-9406-8227-5C67-B8D3AD1BB9A6}.Release|Any CPU.ActiveCfg = Release|Any CPU
		{29D67999-9406-8227-5C67-B8D3AD1BB9A6}.Release|Any CPU.Build.0 = Release|Any CPU
		{3276CF69-242D-25BC-E14E-9DB59C39E953}.Debug|Any CPU.ActiveCfg = Debug|Any CPU
		{3276CF69-242D-25BC-E14E-9DB59C39E953}.Debug|Any CPU.Build.0 = Debug|Any CPU
		{3276CF69-242D-25BC-E14E-9DB59C39E953}.Release|Any CPU.ActiveCfg = Release|Any CPU
		{3276CF69-242D-25BC-E14E-9DB59C39E953}.Release|Any CPU.Build.0 = Release|Any CPU
		{5D85825E-31FA-3170-BA17-C59AAF060890}.Debug|Any CPU.ActiveCfg = Debug|Any CPU
		{5D85825E-31FA-3170-BA17-C59AAF060890}.Debug|Any CPU.Build.0 = Debug|Any CPU
		{5D85825E-31FA-3170-BA17-C59AAF060890}.Release|Any CPU.ActiveCfg = Release|Any CPU
		{5D85825E-31FA-3170-BA17-C59AAF060890}.Release|Any CPU.Build.0 = Release|Any CPU
		{98B049D5-8A3B-D574-23F0-DD8985423CF7}.Debug|Any CPU.ActiveCfg = Debug|Any CPU
		{98B049D5-8A3B-D574-23F0-DD8985423CF7}.Debug|Any CPU.Build.0 = Debug|Any CPU
		{98B049D5-8A3B-D574-23F0-DD8985423CF7}.Release|Any CPU.ActiveCfg = Release|Any CPU
		{98B049D5-8A3B-D574-23F0-DD8985423CF7}.Release|Any CPU.Build.0 = Release|Any CPU
		{123223D3-3DB0-07A5-71D1-5E26E840C1EF}.Debug|Any CPU.ActiveCfg = Debug|Any CPU
		{123223D3-3DB0-07A5-71D1-5E26E840C1EF}.Debug|Any CPU.Build.0 = Debug|Any CPU
		{123223D3-3DB0-07A5-71D1-5E26E840C1EF}.Release|Any CPU.ActiveCfg = Release|Any CPU
		{123223D3-3DB0-07A5-71D1-5E26E840C1EF}.Release|Any CPU.Build.0 = Release|Any CPU
		{ABE6A513-F378-AF27-DEF8-93033BCCFFAE}.Debug|Any CPU.ActiveCfg = Debug|Any CPU
		{ABE6A513-F378-AF27-DEF8-93033BCCFFAE}.Debug|Any CPU.Build.0 = Debug|Any CPU
		{ABE6A513-F378-AF27-DEF8-93033BCCFFAE}.Release|Any CPU.ActiveCfg = Release|Any CPU
		{ABE6A513-F378-AF27-DEF8-93033BCCFFAE}.Release|Any CPU.Build.0 = Release|Any CPU
		{3CEEB233-DE9C-9CB1-34FF-3EB05F67B119}.Debug|Any CPU.ActiveCfg = Debug|Any CPU
		{3CEEB233-DE9C-9CB1-34FF-3EB05F67B119}.Debug|Any CPU.Build.0 = Debug|Any CPU
		{3CEEB233-DE9C-9CB1-34FF-3EB05F67B119}.Release|Any CPU.ActiveCfg = Release|Any CPU
		{3CEEB233-DE9C-9CB1-34FF-3EB05F67B119}.Release|Any CPU.Build.0 = Release|Any CPU
		{E2F4DAE6-B1B7-FEF8-72AA-2B5236BDB1D3}.Debug|Any CPU.ActiveCfg = Debug|Any CPU
		{E2F4DAE6-B1B7-FEF8-72AA-2B5236BDB1D3}.Debug|Any CPU.Build.0 = Debug|Any CPU
		{E2F4DAE6-B1B7-FEF8-72AA-2B5236BDB1D3}.Release|Any CPU.ActiveCfg = Release|Any CPU
		{E2F4DAE6-B1B7-FEF8-72AA-2B5236BDB1D3}.Release|Any CPU.Build.0 = Release|Any CPU
		{75A8A8F5-8C40-C8E4-B43D-367136928924}.Debug|Any CPU.ActiveCfg = Debug|Any CPU
		{75A8A8F5-8C40-C8E4-B43D-367136928924}.Debug|Any CPU.Build.0 = Debug|Any CPU
		{75A8A8F5-8C40-C8E4-B43D-367136928924}.Release|Any CPU.ActiveCfg = Release|Any CPU
		{75A8A8F5-8C40-C8E4-B43D-367136928924}.Release|Any CPU.Build.0 = Release|Any CPU
		{C5696BB1-C832-5770-F499-FBF8F9423198}.Debug|Any CPU.ActiveCfg = Debug|Any CPU
		{C5696BB1-C832-5770-F499-FBF8F9423198}.Debug|Any CPU.Build.0 = Debug|Any CPU
		{C5696BB1-C832-5770-F499-FBF8F9423198}.Release|Any CPU.ActiveCfg = Release|Any CPU
		{C5696BB1-C832-5770-F499-FBF8F9423198}.Release|Any CPU.Build.0 = Release|Any CPU
		{97276503-CC58-8C86-EAC7-132688AFE335}.Debug|Any CPU.ActiveCfg = Debug|Any CPU
		{97276503-CC58-8C86-EAC7-132688AFE335}.Debug|Any CPU.Build.0 = Debug|Any CPU
		{97276503-CC58-8C86-EAC7-132688AFE335}.Release|Any CPU.ActiveCfg = Release|Any CPU
		{97276503-CC58-8C86-EAC7-132688AFE335}.Release|Any CPU.Build.0 = Release|Any CPU
		{35E1B8E8-505C-5F47-4462-B0137CB987C7}.Debug|Any CPU.ActiveCfg = Debug|Any CPU
		{35E1B8E8-505C-5F47-4462-B0137CB987C7}.Debug|Any CPU.Build.0 = Debug|Any CPU
		{35E1B8E8-505C-5F47-4462-B0137CB987C7}.Release|Any CPU.ActiveCfg = Release|Any CPU
		{35E1B8E8-505C-5F47-4462-B0137CB987C7}.Release|Any CPU.Build.0 = Release|Any CPU
		{A8CFC155-8F8C-6A29-2C66-90C7F5AE7DD7}.Debug|Any CPU.ActiveCfg = Debug|Any CPU
		{A8CFC155-8F8C-6A29-2C66-90C7F5AE7DD7}.Debug|Any CPU.Build.0 = Debug|Any CPU
		{A8CFC155-8F8C-6A29-2C66-90C7F5AE7DD7}.Release|Any CPU.ActiveCfg = Release|Any CPU
		{A8CFC155-8F8C-6A29-2C66-90C7F5AE7DD7}.Release|Any CPU.Build.0 = Release|Any CPU
		{9D303C28-586D-D02C-3CA0-8714E741DF44}.Debug|Any CPU.ActiveCfg = Debug|Any CPU
		{9D303C28-586D-D02C-3CA0-8714E741DF44}.Debug|Any CPU.Build.0 = Debug|Any CPU
		{9D303C28-586D-D02C-3CA0-8714E741DF44}.Release|Any CPU.ActiveCfg = Release|Any CPU
		{9D303C28-586D-D02C-3CA0-8714E741DF44}.Release|Any CPU.Build.0 = Release|Any CPU
		{75902DB0-0C5F-3427-C3CE-562477B8891F}.Debug|Any CPU.ActiveCfg = Debug|Any CPU
		{75902DB0-0C5F-3427-C3CE-562477B8891F}.Debug|Any CPU.Build.0 = Debug|Any CPU
		{75902DB0-0C5F-3427-C3CE-562477B8891F}.Release|Any CPU.ActiveCfg = Release|Any CPU
		{75902DB0-0C5F-3427-C3CE-562477B8891F}.Release|Any CPU.Build.0 = Release|Any CPU
		{0ABD6CCA-D50E-5A05-5315-09C491A85BF5}.Debug|Any CPU.ActiveCfg = Debug|Any CPU
		{0ABD6CCA-D50E-5A05-5315-09C491A85BF5}.Debug|Any CPU.Build.0 = Debug|Any CPU
		{0ABD6CCA-D50E-5A05-5315-09C491A85BF5}.Release|Any CPU.ActiveCfg = Release|Any CPU
		{0ABD6CCA-D50E-5A05-5315-09C491A85BF5}.Release|Any CPU.Build.0 = Release|Any CPU
		{E65B12BA-85EA-131B-D5DC-F670B4A70EB8}.Debug|Any CPU.ActiveCfg = Debug|Any CPU
		{E65B12BA-85EA-131B-D5DC-F670B4A70EB8}.Debug|Any CPU.Build.0 = Debug|Any CPU
		{E65B12BA-85EA-131B-D5DC-F670B4A70EB8}.Release|Any CPU.ActiveCfg = Release|Any CPU
		{E65B12BA-85EA-131B-D5DC-F670B4A70EB8}.Release|Any CPU.Build.0 = Release|Any CPU
		{7E6726B9-0B4A-4517-B283-B03E1B79F621}.Debug|Any CPU.ActiveCfg = Debug|Any CPU
		{7E6726B9-0B4A-4517-B283-B03E1B79F621}.Debug|Any CPU.Build.0 = Debug|Any CPU
		{7E6726B9-0B4A-4517-B283-B03E1B79F621}.Release|Any CPU.ActiveCfg = Release|Any CPU
		{7E6726B9-0B4A-4517-B283-B03E1B79F621}.Release|Any CPU.Build.0 = Release|Any CPU
		{DC2B8B85-B12A-0E73-BFE2-7496F48DD453}.Debug|Any CPU.ActiveCfg = Debug|Any CPU
		{DC2B8B85-B12A-0E73-BFE2-7496F48DD453}.Debug|Any CPU.Build.0 = Debug|Any CPU
		{DC2B8B85-B12A-0E73-BFE2-7496F48DD453}.Release|Any CPU.ActiveCfg = Release|Any CPU
		{DC2B8B85-B12A-0E73-BFE2-7496F48DD453}.Release|Any CPU.Build.0 = Release|Any CPU
		{4C54D190-3120-5988-018A-6281D52E0002}.Debug|Any CPU.ActiveCfg = Debug|Any CPU
		{4C54D190-3120-5988-018A-6281D52E0002}.Debug|Any CPU.Build.0 = Debug|Any CPU
		{4C54D190-3120-5988-018A-6281D52E0002}.Release|Any CPU.ActiveCfg = Release|Any CPU
		{4C54D190-3120-5988-018A-6281D52E0002}.Release|Any CPU.Build.0 = Release|Any CPU
		{9E4929AF-182E-7593-9418-5A58543DE801}.Debug|Any CPU.ActiveCfg = Debug|Any CPU
		{9E4929AF-182E-7593-9418-5A58543DE801}.Debug|Any CPU.Build.0 = Debug|Any CPU
		{9E4929AF-182E-7593-9418-5A58543DE801}.Release|Any CPU.ActiveCfg = Release|Any CPU
		{9E4929AF-182E-7593-9418-5A58543DE801}.Release|Any CPU.Build.0 = Release|Any CPU
		{DD91534E-3964-A130-CB09-D0F8E1B71DD6}.Debug|Any CPU.ActiveCfg = Debug|Any CPU
		{DD91534E-3964-A130-CB09-D0F8E1B71DD6}.Debug|Any CPU.Build.0 = Debug|Any CPU
		{DD91534E-3964-A130-CB09-D0F8E1B71DD6}.Release|Any CPU.ActiveCfg = Release|Any CPU
		{DD91534E-3964-A130-CB09-D0F8E1B71DD6}.Release|Any CPU.Build.0 = Release|Any CPU
		{56099376-9BFA-8A6B-6AB7-604EE738EC4A}.Debug|Any CPU.ActiveCfg = Debug|Any CPU
		{56099376-9BFA-8A6B-6AB7-604EE738EC4A}.Debug|Any CPU.Build.0 = Debug|Any CPU
		{56099376-9BFA-8A6B-6AB7-604EE738EC4A}.Release|Any CPU.ActiveCfg = Release|Any CPU
		{56099376-9BFA-8A6B-6AB7-604EE738EC4A}.Release|Any CPU.Build.0 = Release|Any CPU
		{B817351D-89FB-D89B-17B4-45718A703083}.Debug|Any CPU.ActiveCfg = Debug|Any CPU
		{B817351D-89FB-D89B-17B4-45718A703083}.Debug|Any CPU.Build.0 = Debug|Any CPU
		{B817351D-89FB-D89B-17B4-45718A703083}.Release|Any CPU.ActiveCfg = Release|Any CPU
		{B817351D-89FB-D89B-17B4-45718A703083}.Release|Any CPU.Build.0 = Release|Any CPU
		{A66CD219-7AA0-7FE3-B233-933C49D65A29}.Debug|Any CPU.ActiveCfg = Debug|Any CPU
		{A66CD219-7AA0-7FE3-B233-933C49D65A29}.Debug|Any CPU.Build.0 = Debug|Any CPU
		{A66CD219-7AA0-7FE3-B233-933C49D65A29}.Release|Any CPU.ActiveCfg = Release|Any CPU
		{A66CD219-7AA0-7FE3-B233-933C49D65A29}.Release|Any CPU.Build.0 = Release|Any CPU
		{A80FCDF5-4D99-9270-ECBB-5BD233642BD0}.Debug|Any CPU.ActiveCfg = Debug|Any CPU
		{A80FCDF5-4D99-9270-ECBB-5BD233642BD0}.Debug|Any CPU.Build.0 = Debug|Any CPU
		{A80FCDF5-4D99-9270-ECBB-5BD233642BD0}.Release|Any CPU.ActiveCfg = Release|Any CPU
		{A80FCDF5-4D99-9270-ECBB-5BD233642BD0}.Release|Any CPU.Build.0 = Release|Any CPU
		{026406C1-8D29-CD3F-4694-4565F4DDB59D}.Debug|Any CPU.ActiveCfg = Debug|Any CPU
		{026406C1-8D29-CD3F-4694-4565F4DDB59D}.Debug|Any CPU.Build.0 = Debug|Any CPU
		{026406C1-8D29-CD3F-4694-4565F4DDB59D}.Release|Any CPU.ActiveCfg = Release|Any CPU
		{026406C1-8D29-CD3F-4694-4565F4DDB59D}.Release|Any CPU.Build.0 = Release|Any CPU
		{B4165C30-327B-898F-F045-4755609246BF}.Debug|Any CPU.ActiveCfg = Debug|Any CPU
		{B4165C30-327B-898F-F045-4755609246BF}.Debug|Any CPU.Build.0 = Debug|Any CPU
		{B4165C30-327B-898F-F045-4755609246BF}.Release|Any CPU.ActiveCfg = Release|Any CPU
		{B4165C30-327B-898F-F045-4755609246BF}.Release|Any CPU.Build.0 = Release|Any CPU
		{8778A803-02BF-10BB-EBDA-3B18A02DCF7B}.Debug|Any CPU.ActiveCfg = Debug|Any CPU
		{8778A803-02BF-10BB-EBDA-3B18A02DCF7B}.Debug|Any CPU.Build.0 = Debug|Any CPU
		{8778A803-02BF-10BB-EBDA-3B18A02DCF7B}.Release|Any CPU.ActiveCfg = Release|Any CPU
		{8778A803-02BF-10BB-EBDA-3B18A02DCF7B}.Release|Any CPU.Build.0 = Release|Any CPU
		{1C22436C-FEB7-E8E2-397C-7AC41A0E3E5E}.Debug|Any CPU.ActiveCfg = Debug|Any CPU
		{1C22436C-FEB7-E8E2-397C-7AC41A0E3E5E}.Debug|Any CPU.Build.0 = Debug|Any CPU
		{1C22436C-FEB7-E8E2-397C-7AC41A0E3E5E}.Release|Any CPU.ActiveCfg = Release|Any CPU
		{1C22436C-FEB7-E8E2-397C-7AC41A0E3E5E}.Release|Any CPU.Build.0 = Release|Any CPU
		{C2B66313-01BC-493C-A9B1-55388F5A8F07}.Debug|Any CPU.ActiveCfg = Debug|Any CPU
		{C2B66313-01BC-493C-A9B1-55388F5A8F07}.Debug|Any CPU.Build.0 = Debug|Any CPU
		{C2B66313-01BC-493C-A9B1-55388F5A8F07}.Release|Any CPU.ActiveCfg = Release|Any CPU
		{C2B66313-01BC-493C-A9B1-55388F5A8F07}.Release|Any CPU.Build.0 = Release|Any CPU
		{046C82EA-1A13-2B91-EAF5-78ADD1A8C089}.Debug|Any CPU.ActiveCfg = Debug|Any CPU
		{046C82EA-1A13-2B91-EAF5-78ADD1A8C089}.Debug|Any CPU.Build.0 = Debug|Any CPU
		{046C82EA-1A13-2B91-EAF5-78ADD1A8C089}.Release|Any CPU.ActiveCfg = Release|Any CPU
		{046C82EA-1A13-2B91-EAF5-78ADD1A8C089}.Release|Any CPU.Build.0 = Release|Any CPU
		{A2CC1B57-1CA8-B7E4-5F46-FA75F2437F79}.Debug|Any CPU.ActiveCfg = Debug|Any CPU
		{A2CC1B57-1CA8-B7E4-5F46-FA75F2437F79}.Debug|Any CPU.Build.0 = Debug|Any CPU
		{A2CC1B57-1CA8-B7E4-5F46-FA75F2437F79}.Release|Any CPU.ActiveCfg = Release|Any CPU
		{A2CC1B57-1CA8-B7E4-5F46-FA75F2437F79}.Release|Any CPU.Build.0 = Release|Any CPU
		{AC385B3B-9D1F-11D6-7920-54CF6E96E25F}.Debug|Any CPU.ActiveCfg = Debug|Any CPU
		{AC385B3B-9D1F-11D6-7920-54CF6E96E25F}.Debug|Any CPU.Build.0 = Debug|Any CPU
		{AC385B3B-9D1F-11D6-7920-54CF6E96E25F}.Release|Any CPU.ActiveCfg = Release|Any CPU
		{AC385B3B-9D1F-11D6-7920-54CF6E96E25F}.Release|Any CPU.Build.0 = Release|Any CPU
		{CD3CD6CC-A016-BEDA-4CCE-897AE63B1D52}.Debug|Any CPU.ActiveCfg = Debug|Any CPU
		{CD3CD6CC-A016-BEDA-4CCE-897AE63B1D52}.Debug|Any CPU.Build.0 = Debug|Any CPU
		{CD3CD6CC-A016-BEDA-4CCE-897AE63B1D52}.Release|Any CPU.ActiveCfg = Release|Any CPU
		{CD3CD6CC-A016-BEDA-4CCE-897AE63B1D52}.Release|Any CPU.Build.0 = Release|Any CPU
		{016D9A22-AB1C-A646-2348-55CE257E3314}.Debug|Any CPU.ActiveCfg = Debug|Any CPU
		{016D9A22-AB1C-A646-2348-55CE257E3314}.Debug|Any CPU.Build.0 = Debug|Any CPU
		{016D9A22-AB1C-A646-2348-55CE257E3314}.Release|Any CPU.ActiveCfg = Release|Any CPU
		{016D9A22-AB1C-A646-2348-55CE257E3314}.Release|Any CPU.Build.0 = Release|Any CPU
		{243B061B-2CB6-A6F5-4DCF-A038DC29137F}.Debug|Any CPU.ActiveCfg = Debug|Any CPU
		{243B061B-2CB6-A6F5-4DCF-A038DC29137F}.Debug|Any CPU.Build.0 = Debug|Any CPU
		{243B061B-2CB6-A6F5-4DCF-A038DC29137F}.Release|Any CPU.ActiveCfg = Release|Any CPU
		{243B061B-2CB6-A6F5-4DCF-A038DC29137F}.Release|Any CPU.Build.0 = Release|Any CPU
		{F3CDD856-255F-449B-7C43-CE1FF3D6E9C1}.Debug|Any CPU.ActiveCfg = Debug|Any CPU
		{F3CDD856-255F-449B-7C43-CE1FF3D6E9C1}.Debug|Any CPU.Build.0 = Debug|Any CPU
		{F3CDD856-255F-449B-7C43-CE1FF3D6E9C1}.Release|Any CPU.ActiveCfg = Release|Any CPU
		{F3CDD856-255F-449B-7C43-CE1FF3D6E9C1}.Release|Any CPU.Build.0 = Release|Any CPU
		{E8A19E81-78E9-C462-AED4-AC1CF4D8E397}.Debug|Any CPU.ActiveCfg = Debug|Any CPU
		{E8A19E81-78E9-C462-AED4-AC1CF4D8E397}.Debug|Any CPU.Build.0 = Debug|Any CPU
		{E8A19E81-78E9-C462-AED4-AC1CF4D8E397}.Release|Any CPU.ActiveCfg = Release|Any CPU
		{E8A19E81-78E9-C462-AED4-AC1CF4D8E397}.Release|Any CPU.Build.0 = Release|Any CPU
		{CFE688B7-9172-3770-B937-E3EBA68689B8}.Debug|Any CPU.ActiveCfg = Debug|Any CPU
		{CFE688B7-9172-3770-B937-E3EBA68689B8}.Debug|Any CPU.Build.0 = Debug|Any CPU
		{CFE688B7-9172-3770-B937-E3EBA68689B8}.Release|Any CPU.ActiveCfg = Release|Any CPU
		{CFE688B7-9172-3770-B937-E3EBA68689B8}.Release|Any CPU.Build.0 = Release|Any CPU
		{9CB1A0FD-B6B7-9A42-B92B-139EA9B73437}.Debug|Any CPU.ActiveCfg = Debug|Any CPU
		{9CB1A0FD-B6B7-9A42-B92B-139EA9B73437}.Debug|Any CPU.Build.0 = Debug|Any CPU
		{9CB1A0FD-B6B7-9A42-B92B-139EA9B73437}.Release|Any CPU.ActiveCfg = Release|Any CPU
		{9CB1A0FD-B6B7-9A42-B92B-139EA9B73437}.Release|Any CPU.Build.0 = Release|Any CPU
		{A097D2B9-C9B2-A129-77B3-8A1CD0687B8A}.Debug|Any CPU.ActiveCfg = Debug|Any CPU
		{A097D2B9-C9B2-A129-77B3-8A1CD0687B8A}.Debug|Any CPU.Build.0 = Debug|Any CPU
		{A097D2B9-C9B2-A129-77B3-8A1CD0687B8A}.Release|Any CPU.ActiveCfg = Release|Any CPU
		{A097D2B9-C9B2-A129-77B3-8A1CD0687B8A}.Release|Any CPU.Build.0 = Release|Any CPU
		{838EAFFB-D295-0E8B-8E80-3C1BD2C1E65F}.Debug|Any CPU.ActiveCfg = Debug|Any CPU
		{838EAFFB-D295-0E8B-8E80-3C1BD2C1E65F}.Debug|Any CPU.Build.0 = Debug|Any CPU
		{838EAFFB-D295-0E8B-8E80-3C1BD2C1E65F}.Release|Any CPU.ActiveCfg = Release|Any CPU
		{838EAFFB-D295-0E8B-8E80-3C1BD2C1E65F}.Release|Any CPU.Build.0 = Release|Any CPU
		{C3576DF4-EDAB-15BC-9D5E-41E4F8164B2B}.Debug|Any CPU.ActiveCfg = Debug|Any CPU
		{C3576DF4-EDAB-15BC-9D5E-41E4F8164B2B}.Debug|Any CPU.Build.0 = Debug|Any CPU
		{C3576DF4-EDAB-15BC-9D5E-41E4F8164B2B}.Release|Any CPU.ActiveCfg = Release|Any CPU
		{C3576DF4-EDAB-15BC-9D5E-41E4F8164B2B}.Release|Any CPU.Build.0 = Release|Any CPU
		{B750B11D-3E57-C38E-60CC-F191D0FFCF34}.Debug|Any CPU.ActiveCfg = Debug|Any CPU
		{B750B11D-3E57-C38E-60CC-F191D0FFCF34}.Debug|Any CPU.Build.0 = Debug|Any CPU
		{B750B11D-3E57-C38E-60CC-F191D0FFCF34}.Release|Any CPU.ActiveCfg = Release|Any CPU
		{B750B11D-3E57-C38E-60CC-F191D0FFCF34}.Release|Any CPU.Build.0 = Release|Any CPU
	EndGlobalSection
	GlobalSection(SolutionProperties) = preSolution
		HideSolutionNode = FALSE
	EndGlobalSection
EndGlobal
